{
  "name": "0x06-unittests_in_js",
  "version": "1.0.0",
  "lockfileVersion": 3,
  "requires": true,
  "packages": {
    "": {
      "name": "0x06-unittests_in_js",
      "version": "1.0.0",
      "license": "ISC",
      "dependencies": {
        "require": "^2.4.20"
      },
      "devDependencies": {
        "sinon": "^17.0.1"
      }
    },
    "node_modules/@sinonjs/commons": {
      "version": "3.0.1",
      "resolved": "https://registry.npmjs.org/@sinonjs/commons/-/commons-3.0.1.tgz",
      "integrity": "sha512-K3mCHKQ9sVh8o1C9cxkwxaOmXoAMlDxC1mYyHrjqOWEcBjYr76t96zL2zlj5dUGZ3HSw240X1qgH3Mjf1yJWpQ==",
      "dev": true,
      "dependencies": {
        "type-detect": "4.0.8"
      }
    },
    "node_modules/@sinonjs/fake-timers": {
      "version": "11.2.2",
      "resolved": "https://registry.npmjs.org/@sinonjs/fake-timers/-/fake-timers-11.2.2.tgz",
      "integrity": "sha512-G2piCSxQ7oWOxwGSAyFHfPIsyeJGXYtc6mFbnFA+kRXkiEnTl8c/8jul2S329iFBnDI9HGoeWWAZvuvOkZccgw==",
      "dev": true,
      "dependencies": {
        "@sinonjs/commons": "^3.0.0"
      }
    },
    "node_modules/@sinonjs/samsam": {
      "version": "8.0.0",
      "resolved": "https://registry.npmjs.org/@sinonjs/samsam/-/samsam-8.0.0.tgz",
      "integrity": "sha512-Bp8KUVlLp8ibJZrnvq2foVhP0IVX2CIprMJPK0vqGqgrDa0OHVKeZyBykqskkrdxV6yKBPmGasO8LVjAKR3Gew==",
      "dev": true,
      "dependencies": {
        "@sinonjs/commons": "^2.0.0",
        "lodash.get": "^4.4.2",
        "type-detect": "^4.0.8"
      }
    },
    "node_modules/@sinonjs/samsam/node_modules/@sinonjs/commons": {
      "version": "2.0.0",
      "resolved": "https://registry.npmjs.org/@sinonjs/commons/-/commons-2.0.0.tgz",
      "integrity": "sha512-uLa0j859mMrg2slwQYdO/AkrOfmH+X6LTVmNTS9CqexuE2IvVORIkSpJLqePAbEnKJ77aMmCwr1NUZ57120Xcg==",
      "dev": true,
      "dependencies": {
        "type-detect": "4.0.8"
      }
    },
    "node_modules/@sinonjs/text-encoding": {
      "version": "0.7.2",
      "resolved": "https://registry.npmjs.org/@sinonjs/text-encoding/-/text-encoding-0.7.2.tgz",
      "integrity": "sha512-sXXKG+uL9IrKqViTtao2Ws6dy0znu9sOaP1di/jKGW1M6VssO8vlpXCQcpZ+jisQ1tTFAC5Jo/EOzFbggBagFQ==",
      "dev": true
    },
    "node_modules/amdefine": {
      "version": "1.0.1",
      "resolved": "https://registry.npmjs.org/amdefine/-/amdefine-1.0.1.tgz",
      "integrity": "sha512-S2Hw0TtNkMJhIabBwIojKL9YHO5T0n5eNqWJ7Lrlel/zDbftQpxpapi8tZs3X1HWa+u+QeydGmzzNU0m09+Rcg==",
      "engines": {
        "node": ">=0.4.2"
      }
    },
    "node_modules/async": {
      "version": "0.2.10",
      "resolved": "https://registry.npmjs.org/async/-/async-0.2.10.tgz",
      "integrity": "sha512-eAkdoKxU6/LkKDBzLpT+t6Ff5EtfSF4wx1WfJiPEEV7WNLnDaRXk0oVysiEPm262roaachGexwUv94WhSgN5TQ=="
    },
    "node_modules/diff": {
      "version": "5.2.0",
      "resolved": "https://registry.npmjs.org/diff/-/diff-5.2.0.tgz",
      "integrity": "sha512-uIFDxqpRZGZ6ThOk84hEfqWoHx2devRFvpTZcTHur85vImfaxUbTW9Ryh4CpCuDnToOP1CEtXKIgytHBPVff5A==",
      "dev": true,
      "engines": {
        "node": ">=0.3.1"
      }
    },
    "node_modules/has-flag": {
      "version": "4.0.0",
      "resolved": "https://registry.npmjs.org/has-flag/-/has-flag-4.0.0.tgz",
      "integrity": "sha512-EykJT/Q1KjTWctppgIAgfSO0tKVuZUjhgMr17kqTumMl6Afv3EISleU7qZUzoXDFTAHTDC4NOoG/ZxU3EvlMPQ==",
      "dev": true,
      "engines": {
        "node": ">=8"
      }
    },
    "node_modules/just-extend": {
      "version": "6.2.0",
      "resolved": "https://registry.npmjs.org/just-extend/-/just-extend-6.2.0.tgz",
      "integrity": "sha512-cYofQu2Xpom82S6qD778jBDpwvvy39s1l/hrYij2u9AMdQcGRpaBu6kY4mVhuno5kJVi1DAz4aiphA2WI1/OAw==",
      "dev": true
    },
    "node_modules/lodash.get": {
      "version": "4.4.2",
      "resolved": "https://registry.npmjs.org/lodash.get/-/lodash.get-4.4.2.tgz",
      "integrity": "sha512-z+Uw/vLuy6gQe8cfaFWD7p0wVv8fJl3mbzXh33RS+0oW2wvUqiRXiQ69gLWSLpgB5/6sU+r6BlQR0MBILadqTQ==",
      "dev": true
    },
    "node_modules/nise": {
      "version": "5.1.9",
      "resolved": "https://registry.npmjs.org/nise/-/nise-5.1.9.tgz",
      "integrity": "sha512-qOnoujW4SV6e40dYxJOb3uvuoPHtmLzIk4TFo+j0jPJoC+5Z9xja5qH5JZobEPsa8+YYphMrOSwnrshEhG2qww==",
      "dev": true,
      "dependencies": {
        "@sinonjs/commons": "^3.0.0",
        "@sinonjs/fake-timers": "^11.2.2",
        "@sinonjs/text-encoding": "^0.7.2",
        "just-extend": "^6.2.0",
        "path-to-regexp": "^6.2.1"
      }
    },
    "node_modules/optimist": {
      "version": "0.3.7",
      "resolved": "https://registry.npmjs.org/optimist/-/optimist-0.3.7.tgz",
      "integrity": "sha512-TCx0dXQzVtSCg2OgY/bO9hjM9cV4XYx09TVK+s3+FhkjT6LovsLe+pPMzpWf+6yXK/hUizs2gUoTw3jHM0VaTQ==",
      "dependencies": {
        "wordwrap": "~0.0.2"
      }
    },
    "node_modules/path-to-regexp": {
      "version": "6.2.1",
      "resolved": "https://registry.npmjs.org/path-to-regexp/-/path-to-regexp-6.2.1.tgz",
      "integrity": "sha512-JLyh7xT1kizaEvcaXOQwOc2/Yhw6KZOvPf1S8401UyLk86CU79LN3vl7ztXGm/pZ+YjoyAJ4rxmHwbkBXJX+yw==",
      "dev": true
    },
    "node_modules/require": {
      "version": "2.4.20",
      "resolved": "https://registry.npmjs.org/require/-/require-2.4.20.tgz",
      "integrity": "sha512-7eop5rvh38qhQQQOoUyf68meVIcxT2yFySNywTbxoEECgkX4KDqqDRaEszfvFnuB3fuZVjDdJZ1TI/Esr16RRA==",
      "dependencies": {
        "std": "0.1.40",
        "uglify-js": "2.3.0"
      },
      "bin": {
        "require": "bin/require-command.js"
      },
      "engines": {
        "browsers": "*",
        "node": "*"
      }
    },
    "node_modules/sinon": {
      "version": "17.0.1",
      "resolved": "https://registry.npmjs.org/sinon/-/sinon-17.0.1.tgz",
      "integrity": "sha512-wmwE19Lie0MLT+ZYNpDymasPHUKTaZHUH/pKEubRXIzySv9Atnlw+BUMGCzWgV7b7wO+Hw6f1TEOr0IUnmU8/g==",
      "dev": true,
      "dependencies": {
        "@sinonjs/commons": "^3.0.0",
        "@sinonjs/fake-timers": "^11.2.2",
        "@sinonjs/samsam": "^8.0.0",
        "diff": "^5.1.0",
        "nise": "^5.1.5",
        "supports-color": "^7.2.0"
      },
      "funding": {
        "type": "opencollective",
        "url": "https://opencollective.com/sinon"
      }
    },
    "node_modules/source-map": {
      "version": "0.1.43",
      "resolved": "https://registry.npmjs.org/source-map/-/source-map-0.1.43.tgz",
      "integrity": "sha512-VtCvB9SIQhk3aF6h+N85EaqIaBFIAfZ9Cu+NJHHVvc8BbEcnvDcFw6sqQ2dQrT6SlOrZq3tIvyD9+EGq/lJryQ==",
      "dependencies": {
        "amdefine": ">=0.0.4"
      },
      "engines": {
        "node": ">=0.8.0"
      }
    },
    "node_modules/std": {
      "version": "0.1.40",
      "resolved": "https://registry.npmjs.org/std/-/std-0.1.40.tgz",
      "integrity": "sha512-wUf57hkDGCoVShrhPA8Q7lAg2Qosk+FaMlECmAsr1A4/rL2NRXFHQGBcgMUFKVkPEemJFW9gzjCQisRty14ohg==",
      "engines": {
        "node": "*"
      }
    },
    "node_modules/supports-color": {
      "version": "7.2.0",
      "resolved": "https://registry.npmjs.org/supports-color/-/supports-color-7.2.0.tgz",
      "integrity": "sha512-qpCAvRl9stuOHveKsn7HncJRvv501qIacKzQlO/+Lwxc9+0q2wLyv4Dfvt80/DPn2pqOBsJdDiogXGR9+OvwRw==",
      "dev": true,
      "dependencies": {
        "has-flag": "^4.0.0"
      },
      "engines": {
        "node": ">=8"
      }
    },
    "node_modules/type-detect": {
      "version": "4.0.8",
      "resolved": "https://registry.npmjs.org/type-detect/-/type-detect-4.0.8.tgz",
      "integrity": "sha512-0fr/mIH1dlO+x7TlcMy+bIDqKPsw/70tVyeHW787goQjhmqaZe10uwLujubK9q9Lg6Fiho1KUKDYz0Z7k7g5/g==",
      "dev": true,
      "engines": {
        "node": ">=4"
      }
    },
    "node_modules/uglify-js": {
      "version": "2.3.0",
      "resolved": "https://registry.npmjs.org/uglify-js/-/uglify-js-2.3.0.tgz",
      "integrity": "sha512-AQvbxRKdaQeYADywQaao0k8Tj+7NGEVTne6xwgX1yQpv/G8b0CKdIw70HkCptwfvNGDsVe+0Bng3U9hfWbxxfg==",
      "dependencies": {
        "async": "~0.2.6",
        "optimist": "~0.3.5",
        "source-map": "~0.1.7"
      },
      "bin": {
        "uglifyjs": "bin/uglifyjs"
      },
      "engines": {
        "node": ">=0.4.0"
      }
    },
    "node_modules/wordwrap": {
      "version": "0.0.3",
      "resolved": "https://registry.npmjs.org/wordwrap/-/wordwrap-0.0.3.tgz",
      "integrity": "sha512-1tMA907+V4QmxV7dbRvb4/8MaRALK6q9Abid3ndMYnbyo8piisCmeONVqVSXqQA3KaP4SLt5b7ud6E2sqP8TFw==",
      "engines": {
        "node": ">=0.4.0"
      }
    }
  }
}
